Microsoft Visual Studio Solution File, Format Version 12.00
# Visual Studio Version 17
VisualStudioVersion = 17.5.2.0
MinimumVisualStudioVersion = 10.0.40219.1
Project("{FAE04EC0-301F-11D3-BF4B-00C04F79EFBC}") = "2026-01-13_ConsoleProject", "2026-01-13_ConsoleProject\2026-01-13_ConsoleProject.csproj", "{0F10557E-5A6F-16BC-56AA-17237BE6B02C}"
EndProject
Global
	GlobalSection(SolutionConfigurationPlatforms) = preSolution
		Debug|Any CPU = Debug|Any CPU
		Release|Any CPU = Release|Any CPU
	EndGlobalSection
	GlobalSection(ProjectConfigurationPlatforms) = postSolution
		{0F10557E-5A6F-16BC-56AA-17237BE6B02C}.Debug|Any CPU.ActiveCfg = Debug|Any CPU
		{0F10557E-5A6F-16BC-56AA-17237BE6B02C}.Debug|Any CPU.Build.0 = Debug|Any CPU
		{0F10557E-5A6F-16BC-56AA-17237BE6B02C}.Release|Any CPU.ActiveCfg = Release|Any CPU
		{0F10557E-5A6F-16BC-56AA-17237BE6B02C}.Release|Any CPU.Build.0 = Release|Any CPU
	EndGlobalSection
	GlobalSection(SolutionProperties) = preSolution
		HideSolutionNode = FALSE
	EndGlobalSection
	GlobalSection(ExtensibilityGlobals) = postSolution
		SolutionGuid = {965A2396-D93E-4FD6-AFB6-A11E2E564DC1}
	EndGlobalSection
EndGlobal
